
Microsoft Visual Studio Solution File, Format Version 12.00
# Visual Studio 15
VisualStudioVersion = 15.0.28010.2016
MinimumVisualStudioVersion = 10.0.40219.1
Project("{FAE04EC0-301F-11D3-BF4B-00C04F79EFBC}") = "Palindromo", "Palindromo\Palindromo.csproj", "{3FAB7919-8305-4D33-A141-F5C27AF7910F}"
EndProject
Global
	GlobalSection(SolutionConfigurationPlatforms) = preSolution
		Debug|Any CPU = Debug|Any CPU
		Release|Any CPU = Release|Any CPU
	EndGlobalSection
	GlobalSection(ProjectConfigurationPlatforms) = postSolution
		{3FAB7919-8305-4D33-A141-F5C27AF7910F}.Debug|Any CPU.ActiveCfg = Debug|Any CPU
		{3FAB7919-8305-4D33-A141-F5C27AF7910F}.Debug|Any CPU.Build.0 = Debug|Any CPU
		{3FAB7919-8305-4D33-A141-F5C27AF7910F}.Release|Any CPU.ActiveCfg = Release|Any CPU
		{3FAB7919-8305-4D33-A141-F5C27AF7910F}.Release|Any CPU.Build.0 = Release|Any CPU
	EndGlobalSection
	GlobalSection(SolutionProperties) = preSolution
		HideSolutionNode = FALSE
	EndGlobalSection
	GlobalSection(ExtensibilityGlobals) = postSolution
		SolutionGuid = {9A8CB2DB-6071-4FDE-8841-3124C625A6BB}
	EndGlobalSection
EndGlobal
