
Microsoft Visual Studio Solution File, Format Version 12.00
# Visual Studio 15
VisualStudioVersion = 15.0.28010.2016
MinimumVisualStudioVersion = 10.0.40219.1
Project("{FAE04EC0-301F-11D3-BF4B-00C04F79EFBC}") = "PrimeraOcurrenciaDelMayor", "PrimeraOcurrenciaDelMayor\PrimeraOcurrenciaDelMayor.csproj", "{D64D2422-76E4-45CD-9489-999A18C3DF22}"
EndProject
Global
	GlobalSection(SolutionConfigurationPlatforms) = preSolution
		Debug|Any CPU = Debug|Any CPU
		Release|Any CPU = Release|Any CPU
	EndGlobalSection
	GlobalSection(ProjectConfigurationPlatforms) = postSolution
		{D64D2422-76E4-45CD-9489-999A18C3DF22}.Debug|Any CPU.ActiveCfg = Debug|Any CPU
		{D64D2422-76E4-45CD-9489-999A18C3DF22}.Debug|Any CPU.Build.0 = Debug|Any CPU
		{D64D2422-76E4-45CD-9489-999A18C3DF22}.Release|Any CPU.ActiveCfg = Release|Any CPU
		{D64D2422-76E4-45CD-9489-999A18C3DF22}.Release|Any CPU.Build.0 = Release|Any CPU
	EndGlobalSection
	GlobalSection(SolutionProperties) = preSolution
		HideSolutionNode = FALSE
	EndGlobalSection
	GlobalSection(ExtensibilityGlobals) = postSolution
		SolutionGuid = {08755752-01CB-47F3-A213-6AF7DB66E0A4}
	EndGlobalSection
EndGlobal
